// !$*UTF8*$!
{
	archiveVersion = 1;
	classes = {
	};
	objectVersion = 46;
	objects = {

/* Begin PBXBuildFile section */
		771153E719C695F300A7196F /* Foundation.framework in Frameworks */ = {isa = PBXBuildFile; fileRef = 771153E619C695F300A7196F /* Foundation.framework */; };
		771153E919C695F300A7196F /* CoreGraphics.framework in Frameworks */ = {isa = PBXBuildFile; fileRef = 771153E819C695F300A7196F /* CoreGraphics.framework */; };
		771153EB19C695F300A7196F /* UIKit.framework in Frameworks */ = {isa = PBXBuildFile; fileRef = 771153EA19C695F300A7196F /* UIKit.framework */; };
		771153F119C695F300A7196F /* InfoPlist.strings in Resources */ = {isa = PBXBuildFile; fileRef = 771153EF19C695F300A7196F /* InfoPlist.strings */; };
		771153F319C695F300A7196F /* main.m in Sources */ = {isa = PBXBuildFile; fileRef = 771153F219C695F300A7196F /* main.m */; };
		771153F719C695F300A7196F /* CHAppDelegate.m in Sources */ = {isa = PBXBuildFile; fileRef = 771153F619C695F300A7196F /* CHAppDelegate.m */; };
		7711540019C695F300A7196F /* CHViewController.m in Sources */ = {isa = PBXBuildFile; fileRef = 771153FF19C695F300A7196F /* CHViewController.m */; };
		7711540219C695F300A7196F /* Images.xcassets in Resources */ = {isa = PBXBuildFile; fileRef = 7711540119C695F300A7196F /* Images.xcassets */; };
		7711540919C695F300A7196F /* XCTest.framework in Frameworks */ = {isa = PBXBuildFile; fileRef = 7711540819C695F300A7196F /* XCTest.framework */; };
		7711540A19C695F300A7196F /* Foundation.framework in Frameworks */ = {isa = PBXBuildFile; fileRef = 771153E619C695F300A7196F /* Foundation.framework */; };
		7711540B19C695F300A7196F /* UIKit.framework in Frameworks */ = {isa = PBXBuildFile; fileRef = 771153EA19C695F300A7196F /* UIKit.framework */; };
		7711541319C695F300A7196F /* InfoPlist.strings in Resources */ = {isa = PBXBuildFile; fileRef = 7711541119C695F300A7196F /* InfoPlist.strings */; };
		7711541519C695F300A7196F /* MultiDemoTests.m in Sources */ = {isa = PBXBuildFile; fileRef = 7711541419C695F300A7196F /* MultiDemoTests.m */; };
		7711542219C6B6C400A7196F /* 1.jpg in Resources */ = {isa = PBXBuildFile; fileRef = 7711541E19C6B6C400A7196F /* 1.jpg */; };
		7711542319C6B6C400A7196F /* 2.jpg in Resources */ = {isa = PBXBuildFile; fileRef = 7711541F19C6B6C400A7196F /* 2.jpg */; };
		7711542419C6B6C400A7196F /* 3.jpg in Resources */ = {isa = PBXBuildFile; fileRef = 7711542019C6B6C400A7196F /* 3.jpg */; };
		7711542519C6B6C400A7196F /* 4.jpg in Resources */ = {isa = PBXBuildFile; fileRef = 7711542119C6B6C400A7196F /* 4.jpg */; };
/* End PBXBuildFile section */

/* Begin PBXContainerItemProxy section */
		7711540C19C695F300A7196F /* PBXContainerItemProxy */ = {
			isa = PBXContainerItemProxy;
			containerPortal = 771153DB19C695F300A7196F /* Project object */;
			proxyType = 1;
			remoteGlobalIDString = 771153E219C695F300A7196F;
			remoteInfo = MultiDemo;
		};
/* End PBXContainerItemProxy section */

/* Begin PBXFileReference section */
		771153E319C695F300A7196F /* MultiDemo.app */ = {isa = PBXFileReference; explicitFileType = wrapper.application; includeInIndex = 0; path = MultiDemo.app; sourceTree = BUILT_PRODUCTS_DIR; };
		771153E619C695F300A7196F /* Foundation.framework */ = {isa = PBXFileReference; lastKnownFileType = wrapper.framework; name = Foundation.framework; path = System/Library/Frameworks/Foundation.framework; sourceTree = SDKROOT; };
		771153E819C695F300A7196F /* CoreGraphics.framework */ = {isa = PBXFileReference; lastKnownFileType = wrapper.framework; name = CoreGraphics.framework; path = System/Library/Frameworks/CoreGraphics.framework; sourceTree = SDKROOT; };
		771153EA19C695F300A7196F /* UIKit.framework */ = {isa = PBXFileReference; lastKnownFileType = wrapper.framework; name = UIKit.framework; path = System/Library/Frameworks/UIKit.framework; sourceTree = SDKROOT; };
		771153EE19C695F300A7196F /* MultiDemo-Info.plist */ = {isa = PBXFileReference; lastKnownFileType = text.plist.xml; path = "MultiDemo-Info.plist"; sourceTree = "<group>"; };
		771153F019C695F300A7196F /* en */ = {isa = PBXFileReference; lastKnownFileType = text.plist.strings; name = en; path = en.lproj/InfoPlist.strings; sourceTree = "<group>"; };
		771153F219C695F300A7196F /* main.m */ = {isa = PBXFileReference; lastKnownFileType = sourcecode.c.objc; path = main.m; sourceTree = "<group>"; };
		771153F419C695F300A7196F /* MultiDemo-Prefix.pch */ = {isa = PBXFileReference; lastKnownFileType = sourcecode.c.h; path = "MultiDemo-Prefix.pch"; sourceTree = "<group>"; };
		771153F519C695F300A7196F /* CHAppDelegate.h */ = {isa = PBXFileReference; lastKnownFileType = sourcecode.c.h; path = CHAppDelegate.h; sourceTree = "<group>"; };
		771153F619C695F300A7196F /* CHAppDelegate.m */ = {isa = PBXFileReference; lastKnownFileType = sourcecode.c.objc; path = CHAppDelegate.m; sourceTree = "<group>"; };
		771153FE19C695F300A7196F /* CHViewController.h */ = {isa = PBXFileReference; lastKnownFileType = sourcecode.c.h; path = CHViewController.h; sourceTree = "<group>"; };
		771153FF19C695F300A7196F /* CHViewController.m */ = {isa = PBXFileReference; lastKnownFileType = sourcecode.c.objc; path = CHViewController.m; sourceTree = "<group>"; };
		7711540119C695F300A7196F /* Images.xcassets */ = {isa = PBXFileReference; lastKnownFileType = folder.assetcatalog; path = Images.xcassets; sourceTree = "<group>"; };
		7711540719C695F300A7196F /* MultiDemoTests.xctest */ = {isa = PBXFileReference; explicitFileType = wrapper.cfbundle; includeInIndex = 0; path = MultiDemoTests.xctest; sourceTree = BUILT_PRODUCTS_DIR; };
		7711540819C695F300A7196F /* XCTest.framework */ = {isa = PBXFileReference; lastKnownFileType = wrapper.framework; name = XCTest.framework; path = Library/Frameworks/XCTest.framework; sourceTree = DEVELOPER_DIR; };
		7711541019C695F300A7196F /* MultiDemoTests-Info.plist */ = {isa = PBXFileReference; lastKnownFileType = text.plist.xml; path = "MultiDemoTests-Info.plist"; sourceTree = "<group>"; };
		7711541219C695F300A7196F /* en */ = {isa = PBXFileReference; lastKnownFileType = text.plist.strings; name = en; path = en.lproj/InfoPlist.strings; sourceTree = "<group>"; };
		7711541419C695F300A7196F /* MultiDemoTests.m */ = {isa = PBXFileReference; lastKnownFileType = sourcecode.c.objc; path = MultiDemoTests.m; sourceTree = "<group>"; };
		7711541E19C6B6C400A7196F /* 1.jpg */ = {isa = PBXFileReference; lastKnownFileType = image.jpeg; path = 1.jpg; sourceTree = "<group>"; };
		7711541F19C6B6C400A7196F /* 2.jpg */ = {isa = PBXFileReference; lastKnownFileType = image.jpeg; path = 2.jpg; sourceTree = "<group>"; };
		7711542019C6B6C400A7196F /* 3.jpg */ = {isa = PBXFileReference; lastKnownFileType = image.jpeg; path = 3.jpg; sourceTree = "<group>"; };
		7711542119C6B6C400A7196F /* 4.jpg */ = {isa = PBXFileReference; lastKnownFileType = image.jpeg; path = 4.jpg; sourceTree = "<group>"; };
/* End PBXFileReference section */

/* Begin PBXFrameworksBuildPhase section */
		771153E019C695F300A7196F /* Frameworks */ = {
			isa = PBXFrameworksBuildPhase;
			buildActionMask = 2147483647;
			files = (
				771153E919C695F300A7196F /* CoreGraphics.framework in Frameworks */,
				771153EB19C695F300A7196F /* UIKit.framework in Frameworks */,
				771153E719C695F300A7196F /* Foundation.framework in Frameworks */,
			);
			runOnlyForDeploymentPostprocessing = 0;
		};
		7711540419C695F300A7196F /* Frameworks */ = {
			isa = PBXFrameworksBuildPhase;
			buildActionMask = 2147483647;
			files = (
				7711540919C695F300A7196F /* XCTest.framework in Frameworks */,
				7711540B19C695F300A7196F /* UIKit.framework in Frameworks */,
				7711540A19C695F300A7196F /* Foundation.framework in Frameworks */,
			);
			runOnlyForDeploymentPostprocessing = 0;
		};
/* End PBXFrameworksBuildPhase section */

/* Begin PBXGroup section */
		771153DA19C695F300A7196F = {
			isa = PBXGroup;
			children = (
				771153EC19C695F300A7196F /* MultiDemo */,
				7711540E19C695F300A7196F /* MultiDemoTests */,
				771153E519C695F300A7196F /* Frameworks */,
				771153E419C695F300A7196F /* Products */,
			);
			sourceTree = "<group>";
		};
		771153E419C695F300A7196F /* Products */ = {
			isa = PBXGroup;
			children = (
				771153E319C695F300A7196F /* MultiDemo.app */,
				7711540719C695F300A7196F /* MultiDemoTests.xctest */,
			);
			name = Products;
			sourceTree = "<group>";
		};
		771153E519C695F300A7196F /* Frameworks */ = {
			isa = PBXGroup;
			children = (
				771153E619C695F300A7196F /* Foundation.framework */,
				771153E819C695F300A7196F /* CoreGraphics.framework */,
				771153EA19C695F300A7196F /* UIKit.framework */,
				7711540819C695F300A7196F /* XCTest.framework */,
			);
			name = Frameworks;
			sourceTree = "<group>";
		};
		771153EC19C695F300A7196F /* MultiDemo */ = {
			isa = PBXGroup;
			children = (
				7711541E19C6B6C400A7196F /* 1.jpg */,
				7711541F19C6B6C400A7196F /* 2.jpg */,
				7711542019C6B6C400A7196F /* 3.jpg */,
				7711542119C6B6C400A7196F /* 4.jpg */,
				771153F519C695F300A7196F /* CHAppDelegate.h */,
				771153F619C695F300A7196F /* CHAppDelegate.m */,
				771153FE19C695F300A7196F /* CHViewController.h */,
				771153FF19C695F300A7196F /* CHViewController.m */,
				7711540119C695F300A7196F /* Images.xcassets */,
				771153ED19C695F300A7196F /* Supporting Files */,
			);
			path = MultiDemo;
			sourceTree = "<group>";
		};
		771153ED19C695F300A7196F /* Supporting Files */ = {
			isa = PBXGroup;
			children = (
				771153EE19C695F300A7196F /* MultiDemo-Info.plist */,
				771153EF19C695F300A7196F /* InfoPlist.strings */,
				771153F219C695F300A7196F /* main.m */,
				771153F419C695F300A7196F /* MultiDemo-Prefix.pch */,
			);
			name = "Supporting Files";
			sourceTree = "<group>";
		};
		7711540E19C695F300A7196F /* MultiDemoTests */ = {
			isa = PBXGroup;
			children = (
				7711541419C695F300A7196F /* MultiDemoTests.m */,
				7711540F19C695F300A7196F /* Supporting Files */,
			);
			path = MultiDemoTests;
			sourceTree = "<group>";
		};
		7711540F19C695F300A7196F /* Supporting Files */ = {
			isa = PBXGroup;
			children = (
				7711541019C695F300A7196F /* MultiDemoTests-Info.plist */,
				7711541119C695F300A7196F /* InfoPlist.strings */,
			);
			name = "Supporting Files";
			sourceTree = "<group>";
		};
/* End PBXGroup section */

/* Begin PBXNativeTarget section */
		771153E219C695F300A7196F /* MultiDemo */ = {
			isa = PBXNativeTarget;
			buildConfigurationList = 7711541819C695F300A7196F /* Build configuration list for PBXNativeTarget "MultiDemo" */;
			buildPhases = (
				771153DF19C695F300A7196F /* Sources */,
				771153E019C695F300A7196F /* Frameworks */,
				771153E119C695F300A7196F /* Resources */,
			);
			buildRules = (
			);
			dependencies = (
			);
			name = MultiDemo;
			productName = MultiDemo;
			productReference = 771153E319C695F300A7196F /* MultiDemo.app */;
			productType = "com.apple.product-type.application";
		};
		7711540619C695F300A7196F /* MultiDemoTests */ = {
			isa = PBXNativeTarget;
			buildConfigurationList = 7711541B19C695F300A7196F /* Build configuration list for PBXNativeTarget "MultiDemoTests" */;
			buildPhases = (
				7711540319C695F300A7196F /* Sources */,
				7711540419C695F300A7196F /* Frameworks */,
				7711540519C695F300A7196F /* Resources */,
			);
			buildRules = (
			);
			dependencies = (
				7711540D19C695F300A7196F /* PBXTargetDependency */,
			);
			name = MultiDemoTests;
			productName = MultiDemoTests;
			productReference = 7711540719C695F300A7196F /* MultiDemoTests.xctest */;
			productType = "com.apple.product-type.bundle.unit-test";
		};
/* End PBXNativeTarget section */

/* Begin PBXProject section */
		771153DB19C695F300A7196F /* Project object */ = {
			isa = PBXProject;
			attributes = {
				CLASSPREFIX = CH;
				LastUpgradeCheck = 0510;
				ORGANIZATIONNAME = hangchen;
				TargetAttributes = {
					7711540619C695F300A7196F = {
						TestTargetID = 771153E219C695F300A7196F;
					};
				};
			};
			buildConfigurationList = 771153DE19C695F300A7196F /* Build configuration list for PBXProject "MultiDemo" */;
			compatibilityVersion = "Xcode 3.2";
			developmentRegion = English;
			hasScannedForEncodings = 0;
			knownRegions = (
				en,
				Base,
			);
			mainGroup = 771153DA19C695F300A7196F;
			productRefGroup = 771153E419C695F300A7196F /* Products */;
			projectDirPath = "";
			projectRoot = "";
			targets = (
				771153E219C695F300A7196F /* MultiDemo */,
				7711540619C695F300A7196F /* MultiDemoTests */,
			);
		};
/* End PBXProject section */

/* Begin PBXResourcesBuildPhase section */
		771153E119C695F300A7196F /* Resources */ = {
			isa = PBXResourcesBuildPhase;
			buildActionMask = 2147483647;
			files = (
				7711542519C6B6C400A7196F /* 4.jpg in Resources */,
				7711542419C6B6C400A7196F /* 3.jpg in Resources */,
				7711542219C6B6C400A7196F /* 1.jpg in Resources */,
				7711540219C695F300A7196F /* Images.xcassets in Resources */,
				7711542319C6B6C400A7196F /* 2.jpg in Resources */,
				771153F119C695F300A7196F /* InfoPlist.strings in Resources */,
			);
			runOnlyForDeploymentPostprocessing = 0;
		};
		7711540519C695F300A7196F /* Resources */ = {
			isa = PBXResourcesBuildPhase;
			buildActionMask = 2147483647;
			files = (
				7711541319C695F300A7196F /* InfoPlist.strings in Resources */,
			);
			runOnlyForDeploymentPostprocessing = 0;
		};
/* End PBXResourcesBuildPhase section */

/* Begin PBXSourcesBuildPhase section */
		771153DF19C695F300A7196F /* Sources */ = {
			isa = PBXSourcesBuildPhase;
			buildActionMask = 2147483647;
			files = (
				771153F319C695F300A7196F /* main.m in Sources */,
				771153F719C695F300A7196F /* CHAppDelegate.m in Sources */,
				7711540019C695F300A7196F /* CHViewController.m in Sources */,
			);
			runOnlyForDeploymentPostprocessing = 0;
		};
		7711540319C695F300A7196F /* Sources */ = {
			isa = PBXSourcesBuildPhase;
			buildActionMask = 2147483647;
			files = (
				7711541519C695F300A7196F /* MultiDemoTests.m in Sources */,
			);
			runOnlyForDeploymentPostprocessing = 0;
		};
/* End PBXSourcesBuildPhase section */

/* Begin PBXTargetDependency section */
		7711540D19C695F300A7196F /* PBXTargetDependency */ = {
			isa = PBXTargetDependency;
			target = 771153E219C695F300A7196F /* MultiDemo */;
			targetProxy = 7711540C19C695F300A7196F /* PBXContainerItemProxy */;
		};
/* End PBXTargetDependency section */

/* Begin PBXVariantGroup section */
		771153EF19C695F300A7196F /* InfoPlist.strings */ = {
			isa = PBXVariantGroup;
			children = (
				771153F019C695F300A7196F /* en */,
			);
			name = InfoPlist.strings;
			sourceTree = "<group>";
		};
		7711541119C695F300A7196F /* InfoPlist.strings */ = {
			isa = PBXVariantGroup;
			children = (
				7711541219C695F300A7196F /* en */,
			);
			name = InfoPlist.strings;
			sourceTree = "<group>";
		};
/* End PBXVariantGroup section */

/* Begin XCBuildConfiguration section */
		7711541619C695F300A7196F /* Debug */ = {
			isa = XCBuildConfiguration;
			buildSettings = {
				ALWAYS_SEARCH_USER_PATHS = NO;
				CLANG_CXX_LANGUAGE_STANDARD = "gnu++0x";
				CLANG_CXX_LIBRARY = "libc++";
				CLANG_ENABLE_MODULES = YES;
				CLANG_ENABLE_OBJC_ARC = YES;
				CLANG_WARN_BOOL_CONVERSION = YES;
				CLANG_WARN_CONSTANT_CONVERSION = YES;
				CLANG_WARN_DIRECT_OBJC_ISA_USAGE = YES_ERROR;
				CLANG_WARN_EMPTY_BODY = YES;
				CLANG_WARN_ENUM_CONVERSION = YES;
				CLANG_WARN_INT_CONVERSION = YES;
				CLANG_WARN_OBJC_ROOT_CLASS = YES_ERROR;
				CLANG_WARN__DUPLICATE_METHOD_MATCH = YES;
				"CODE_SIGN_IDENTITY[sdk=iphoneos*]" = "iPhone Developer";
				COPY_PHASE_STRIP = NO;
				GCC_C_LANGUAGE_STANDARD = gnu99;
				GCC_DYNAMIC_NO_PIC = NO;
				GCC_OPTIMIZATION_LEVEL = 0;
				GCC_PREPROCESSOR_DEFINITIONS = (
					"DEBUG=1",
					"$(inherited)",
				);
				GCC_SYMBOLS_PRIVATE_EXTERN = NO;
				GCC_WARN_64_TO_32_BIT_CONVERSION = YES;
				GCC_WARN_ABOUT_RETURN_TYPE = YES_ERROR;
				GCC_WARN_UNDECLARED_SELECTOR = YES;
				GCC_WARN_UNINITIALIZED_AUTOS = YES_AGGRESSIVE;
				GCC_WARN_UNUSED_FUNCTION = YES;
				GCC_WARN_UNUSED_VARIABLE = YES;
				IPHONEOS_DEPLOYMENT_TARGET = 7.1;
				ONLY_ACTIVE_ARCH = YES;
				SDKROOT = iphoneos;
				TARGETED_DEVICE_FAMILY = "1,2";
			};
			name = Debug;
		};
		7711541719C695F300A7196F /* Release */ = {
			isa = XCBuildConfiguration;
			buildSettings = {
				ALWAYS_SEARCH_USER_PATHS = NO;
				CLANG_CXX_LANGUAGE_STANDARD = "gnu++0x";
				CLANG_CXX_LIBRARY = "libc++";
				CLANG_ENABLE_MODULES = YES;
				CLANG_ENABLE_OBJC_ARC = YES;
				CLANG_WARN_BOOL_CONVERSION = YES;
				CLANG_WARN_CONSTANT_CONVERSION = YES;
				CLANG_WARN_DIRECT_OBJC_ISA_USAGE = YES_ERROR;
				CLANG_WARN_EMPTY_BODY = YES;
				CLANG_WARN_ENUM_CONVERSION = YES;
				CLANG_WARN_INT_CONVERSION = YES;
				CLANG_WARN_OBJC_ROOT_CLASS = YES_ERROR;
				CLANG_WARN__DUPLICATE_METHOD_MATCH = YES;
				"CODE_SIGN_IDENTITY[sdk=iphoneos*]" = "iPhone Developer";
				COPY_PHASE_STRIP = YES;
				ENABLE_NS_ASSERTIONS = NO;
				GCC_C_LANGUAGE_STANDARD = gnu99;
				GCC_WARN_64_TO_32_BIT_CONVERSION = YES;
				GCC_WARN_ABOUT_RETURN_TYPE = YES_ERROR;
				GCC_WARN_UNDECLARED_SELECTOR = YES;
				GCC_WARN_UNINITIALIZED_AUTOS = YES_AGGRESSIVE;
				GCC_WARN_UNUSED_FUNCTION = YES;
				GCC_WARN_UNUSED_VARIABLE = YES;
				IPHONEOS_DEPLOYMENT_TARGET = 7.1;
				SDKROOT = iphoneos;
				TARGETED_DEVICE_FAMILY = "1,2";
				VALIDATE_PRODUCT = YES;
			};
			name = Release;
		};
		7711541919C695F300A7196F /* Debug */ = {
			isa = XCBuildConfiguration;
			buildSettings = {
				ASSETCATALOG_COMPILER_APPICON_NAME = AppIcon;
				ASSETCATALOG_COMPILER_LAUNCHIMAGE_NAME = LaunchImage;
				CODE_SIGN_IDENTITY = "iPhone Developer: Jing Yang (X95JWKCD72)";
				GCC_PRECOMPILE_PREFIX_HEADER = YES;
				GCC_PREFIX_HEADER = "MultiDemo/MultiDemo-Prefix.pch";
				INFOPLIST_FILE = "MultiDemo/MultiDemo-Info.plist";
				IPHONEOS_DEPLOYMENT_TARGET = 6.0;
				PRODUCT_NAME = "$(TARGET_NAME)";
				PROVISIONING_PROFILE = "ecd61ac2-0d6d-442e-abaa-246cd0289ceb";
				WRAPPER_EXTENSION = app;
			};
			name = Debug;
		};
		7711541A19C695F300A7196F /* Release */ = {
			isa = XCBuildConfiguration;
			buildSettings = {
				ASSETCATALOG_COMPILER_APPICON_NAME = AppIcon;
				ASSETCATALOG_COMPILER_LAUNCHIMAGE_NAME = LaunchImage;
				GCC_PRECOMPILE_PREFIX_HEADER = YES;
				GCC_PREFIX_HEADER = "MultiDemo/MultiDemo-Prefix.pch";
				INFOPLIST_FILE = "MultiDemo/MultiDemo-Info.plist";
				IPHONEOS_DEPLOYMENT_TARGET = 6.0;
				PRODUCT_NAME = "$(TARGET_NAME)";
				PROVISIONING_PROFILE = "ecd61ac2-0d6d-442e-abaa-246cd0289ceb";
				WRAPPER_EXTENSION = app;
			};
			name = Release;
		};
		7711541C19C695F300A7196F /* Debug */ = {
			isa = XCBuildConfiguration;
			buildSettings = {
				BUNDLE_LOADER = "$(BUILT_PRODUCTS_DIR)/MultiDemo.app/MultiDemo";
				FRAMEWORK_SEARCH_PATHS = (
					"$(SDKROOT)/Developer/Library/Frameworks",
					"$(inherited)",
					"$(DEVELOPER_FRAMEWORKS_DIR)",
				);
				GCC_PRECOMPILE_PREFIX_HEADER = YES;
				GCC_PREFIX_HEADER = "MultiDemo/MultiDemo-Prefix.pch";
				GCC_PREPROCESSOR_DEFINITIONS = (
					"DEBUG=1",
					"$(inherited)",
				);
				INFOPLIST_FILE = "MultiDemoTests/MultiDemoTests-Info.plist";
				PRODUCT_NAME = "$(TARGET_NAME)";
				TEST_HOST = "$(BUNDLE_LOADER)";
				WRAPPER_EXTENSION = xctest;
			};
			name = Debug;
		};
		7711541D19C695F300A7196F /* Release */ = {
			isa = XCBuildConfiguration;
			buildSettings = {
				BUNDLE_LOADER = "$(BUILT_PRODUCTS_DIR)/MultiDemo.app/MultiDemo";
				FRAMEWORK_SEARCH_PATHS = (
					"$(SDKROOT)/Developer/Library/Frameworks",
					"$(inherited)",
					"$(DEVELOPER_FRAMEWORKS_DIR)",
				);
				GCC_PRECOMPILE_PREFIX_HEADER = YES;
				GCC_PREFIX_HEADER = "MultiDemo/MultiDemo-Prefix.pch";
				INFOPLIST_FILE = "MultiDemoTests/MultiDemoTests-Info.plist";
				PRODUCT_NAME = "$(TARGET_NAME)";
				TEST_HOST = "$(BUNDLE_LOADER)";
				WRAPPER_EXTENSION = xctest;
			};
			name = Release;
		};
/* End XCBuildConfiguration section */

/* Begin XCConfigurationList section */
		771153DE19C695F300A7196F /* Build configuration list for PBXProject "MultiDemo" */ = {
			isa = XCConfigurationList;
			buildConfigurations = (
				7711541619C695F300A7196F /* Debug */,
				7711541719C695F300A7196F /* Release */,
			);
			defaultConfigurationIsVisible = 0;
			defaultConfigurationName = Release;
		};
		7711541819C695F300A7196F /* Build configuration list for PBXNativeTarget "MultiDemo" */ = {
			isa = XCConfigurationList;
			buildConfigurations = (
				7711541919C695F300A7196F /* Debug */,
				7711541A19C695F300A7196F /* Release */,
			);
			defaultConfigurationIsVisible = 0;
			defaultConfigurationName = Release;
		};
		7711541B19C695F300A7196F /* Build configuration list for PBXNativeTarget "MultiDemoTests" */ = {
			isa = XCConfigurationList;
			buildConfigurations = (
				7711541C19C695F300A7196F /* Debug */,
				7711541D19C695F300A7196F /* Release */,
			);
			defaultConfigurationIsVisible = 0;
			defaultConfigurationName = Release;
		};
/* End XCConfigurationList section */
	};
	rootObject = 771153DB19C695F300A7196F /* Project object */;
}
